// !$*UTF8*$!
{
	archiveVersion = 1;
	classes = {
	};
	objectVersion = 56;
	objects = {

/* Begin PBXBuildFile section */
		F43869B42C29F35700B2E5FD /* AppDelegate.swift in Sources */ = {isa = PBXBuildFile; fileRef = F43869B32C29F35700B2E5FD /* AppDelegate.swift */; };
		F43869B62C29F35700B2E5FD /* SceneDelegate.swift in Sources */ = {isa = PBXBuildFile; fileRef = F43869B52C29F35700B2E5FD /* SceneDelegate.swift */; };
		F43869B82C29F35700B2E5FD /* ViewController.swift in Sources */ = {isa = PBXBuildFile; fileRef = F43869B72C29F35700B2E5FD /* ViewController.swift */; };
		F43869BD2C29F35A00B2E5FD /* Assets.xcassets in Resources */ = {isa = PBXBuildFile; fileRef = F43869BC2C29F35A00B2E5FD /* Assets.xcassets */; };
		F43869C02C29F35A00B2E5FD /* LaunchScreen.storyboard in Resources */ = {isa = PBXBuildFile; fileRef = F43869BE2C29F35A00B2E5FD /* LaunchScreen.storyboard */; };
		F43869D02C2AB18600B2E5FD /* YS Display-Medium.ttf in Resources */ = {isa = PBXBuildFile; fileRef = F43869CE2C2AB18600B2E5FD /* YS Display-Medium.ttf */; };
		F43869D12C2AB18600B2E5FD /* YS Display-Bold.ttf in Resources */ = {isa = PBXBuildFile; fileRef = F43869CF2C2AB18600B2E5FD /* YS Display-Bold.ttf */; };
		F43869D52C2AB6D900B2E5FD /* ColorExtension.swift in Sources */ = {isa = PBXBuildFile; fileRef = F43869D42C2AB6D900B2E5FD /* ColorExtension.swift */; };
		F45817602C3EDE8C001C1713 /* MovieQuizPresenter.swift in Sources */ = {isa = PBXBuildFile; fileRef = F458175F2C3EDE8C001C1713 /* MovieQuizPresenter.swift */; };
		F45817622C3EE0D3001C1713 /* DateExtensions.swift in Sources */ = {isa = PBXBuildFile; fileRef = F45817612C3EE0D3001C1713 /* DateExtensions.swift */; };
		F48ED7212C3BB77F007195A2 /* MostPopularMovies.swift in Sources */ = {isa = PBXBuildFile; fileRef = F48ED7202C3BB77F007195A2 /* MostPopularMovies.swift */; };
		F48ED7232C3BB890007195A2 /* MoviesLoader.swift in Sources */ = {isa = PBXBuildFile; fileRef = F48ED7222C3BB890007195A2 /* MoviesLoader.swift */; };
		F48ED73F2C3D6FB6007195A2 /* MoviesLoaderTests.swift in Sources */ = {isa = PBXBuildFile; fileRef = F48ED73E2C3D6FB6007195A2 /* MoviesLoaderTests.swift */; };
		F48ED7472C3D78DE007195A2 /* MovieQuizUITests.swift in Sources */ = {isa = PBXBuildFile; fileRef = F48ED7462C3D78DE007195A2 /* MovieQuizUITests.swift */; };
		F4AC8D402C3826E300239811 /* NetworkClient.swift in Sources */ = {isa = PBXBuildFile; fileRef = F4AC8D3F2C3826E300239811 /* NetworkClient.swift */; };
		F4F89F822C2EFAF70039EEBA /* StatisticService.swift in Sources */ = {isa = PBXBuildFile; fileRef = F4F89F812C2EFAF70039EEBA /* StatisticService.swift */; };
		F4F89F842C2F02150039EEBA /* GameRecord.swift in Sources */ = {isa = PBXBuildFile; fileRef = F4F89F832C2F02150039EEBA /* GameRecord.swift */; };
		F4FF49182C2C2BF200CC1BA9 /* QuestionFactory.swift in Sources */ = {isa = PBXBuildFile; fileRef = F4FF49172C2C2BF200CC1BA9 /* QuestionFactory.swift */; };
		F4FF491E2C2C2EC000CC1BA9 /* ArrayExtensions.swift in Sources */ = {isa = PBXBuildFile; fileRef = F4FF491D2C2C2EC000CC1BA9 /* ArrayExtensions.swift */; };
		F4FF49202C2C36D700CC1BA9 /* QuizStepViewModel.swift in Sources */ = {isa = PBXBuildFile; fileRef = F4FF491F2C2C36D700CC1BA9 /* QuizStepViewModel.swift */; };
		F4FF49222C2C36E500CC1BA9 /* QuizResultsViewModel.swift in Sources */ = {isa = PBXBuildFile; fileRef = F4FF49212C2C36E500CC1BA9 /* QuizResultsViewModel.swift */; };
		F4FF49242C2C36EE00CC1BA9 /* QuizQuestion.swift in Sources */ = {isa = PBXBuildFile; fileRef = F4FF49232C2C36EE00CC1BA9 /* QuizQuestion.swift */; };
		F4FF49282C2C695200CC1BA9 /* QuestionFactoryProtocol.swift in Sources */ = {isa = PBXBuildFile; fileRef = F4FF49272C2C695200CC1BA9 /* QuestionFactoryProtocol.swift */; };
		F4FF492A2C2C78C300CC1BA9 /* QuestionFactoryDelegate.swift in Sources */ = {isa = PBXBuildFile; fileRef = F4FF49292C2C78C300CC1BA9 /* QuestionFactoryDelegate.swift */; };
		F4FF492C2C2D2E6E00CC1BA9 /* AlertPresenter.swift in Sources */ = {isa = PBXBuildFile; fileRef = F4FF492B2C2D2E6E00CC1BA9 /* AlertPresenter.swift */; };
		F4FF492E2C2D33A800CC1BA9 /* AlertModel.swift in Sources */ = {isa = PBXBuildFile; fileRef = F4FF492D2C2D33A800CC1BA9 /* AlertModel.swift */; };
		F4FF49302C2D35E400CC1BA9 /* AlertPresenterProtocol.swift in Sources */ = {isa = PBXBuildFile; fileRef = F4FF492F2C2D35E400CC1BA9 /* AlertPresenterProtocol.swift */; };
		F4FF49322C2D35FC00CC1BA9 /* AlertPresenterDelegate.swift in Sources */ = {isa = PBXBuildFile; fileRef = F4FF49312C2D35FC00CC1BA9 /* AlertPresenterDelegate.swift */; };
/* End PBXBuildFile section */

/* Begin PBXContainerItemProxy section */
		F48ED7372C3C2595007195A2 /* PBXContainerItemProxy */ = {
			isa = PBXContainerItemProxy;
			containerPortal = F43869A82C29F35700B2E5FD /* Project object */;
			proxyType = 1;
			remoteGlobalIDString = F43869AF2C29F35700B2E5FD;
			remoteInfo = MovieQuiz;
		};
		F48ED74A2C3D78DE007195A2 /* PBXContainerItemProxy */ = {
			isa = PBXContainerItemProxy;
			containerPortal = F43869A82C29F35700B2E5FD /* Project object */;
			proxyType = 1;
			remoteGlobalIDString = F43869AF2C29F35700B2E5FD;
			remoteInfo = MovieQuiz;
		};
/* End PBXContainerItemProxy section */

/* Begin PBXFileReference section */
		F43869B02C29F35700B2E5FD /* MovieQuiz.app */ = {isa = PBXFileReference; explicitFileType = wrapper.application; includeInIndex = 0; path = MovieQuiz.app; sourceTree = BUILT_PRODUCTS_DIR; };
		F43869B32C29F35700B2E5FD /* AppDelegate.swift */ = {isa = PBXFileReference; lastKnownFileType = sourcecode.swift; path = AppDelegate.swift; sourceTree = "<group>"; };
		F43869B52C29F35700B2E5FD /* SceneDelegate.swift */ = {isa = PBXFileReference; lastKnownFileType = sourcecode.swift; path = SceneDelegate.swift; sourceTree = "<group>"; };
		F43869B72C29F35700B2E5FD /* ViewController.swift */ = {isa = PBXFileReference; lastKnownFileType = sourcecode.swift; path = ViewController.swift; sourceTree = "<group>"; };
		F43869BC2C29F35A00B2E5FD /* Assets.xcassets */ = {isa = PBXFileReference; lastKnownFileType = folder.assetcatalog; path = Assets.xcassets; sourceTree = "<group>"; };
		F43869BF2C29F35A00B2E5FD /* Base */ = {isa = PBXFileReference; lastKnownFileType = file.storyboard; name = Base; path = Base.lproj/LaunchScreen.storyboard; sourceTree = "<group>"; };
		F43869C12C29F35A00B2E5FD /* Info.plist */ = {isa = PBXFileReference; lastKnownFileType = text.plist.xml; path = Info.plist; sourceTree = "<group>"; };
		F43869CE2C2AB18600B2E5FD /* YS Display-Medium.ttf */ = {isa = PBXFileReference; lastKnownFileType = file; path = "YS Display-Medium.ttf"; sourceTree = "<group>"; };
		F43869CF2C2AB18600B2E5FD /* YS Display-Bold.ttf */ = {isa = PBXFileReference; lastKnownFileType = file; path = "YS Display-Bold.ttf"; sourceTree = "<group>"; };
		F43869D42C2AB6D900B2E5FD /* ColorExtension.swift */ = {isa = PBXFileReference; lastKnownFileType = sourcecode.swift; path = ColorExtension.swift; sourceTree = "<group>"; };
		F458175F2C3EDE8C001C1713 /* MovieQuizPresenter.swift */ = {isa = PBXFileReference; lastKnownFileType = sourcecode.swift; path = MovieQuizPresenter.swift; sourceTree = "<group>"; };
		F45817612C3EE0D3001C1713 /* DateExtensions.swift */ = {isa = PBXFileReference; lastKnownFileType = sourcecode.swift; path = DateExtensions.swift; sourceTree = "<group>"; };
		F48ED7202C3BB77F007195A2 /* MostPopularMovies.swift */ = {isa = PBXFileReference; lastKnownFileType = sourcecode.swift; path = MostPopularMovies.swift; sourceTree = "<group>"; };
		F48ED7222C3BB890007195A2 /* MoviesLoader.swift */ = {isa = PBXFileReference; lastKnownFileType = sourcecode.swift; path = MoviesLoader.swift; sourceTree = "<group>"; };
		F48ED7332C3C2594007195A2 /* MovieQuizTests.xctest */ = {isa = PBXFileReference; explicitFileType = wrapper.cfbundle; includeInIndex = 0; path = MovieQuizTests.xctest; sourceTree = BUILT_PRODUCTS_DIR; };
		F48ED73E2C3D6FB6007195A2 /* MoviesLoaderTests.swift */ = {isa = PBXFileReference; lastKnownFileType = sourcecode.swift; path = MoviesLoaderTests.swift; sourceTree = "<group>"; };
		F48ED7442C3D78DE007195A2 /* MovieQuizUITests.xctest */ = {isa = PBXFileReference; explicitFileType = wrapper.cfbundle; includeInIndex = 0; path = MovieQuizUITests.xctest; sourceTree = BUILT_PRODUCTS_DIR; };
		F48ED7462C3D78DE007195A2 /* MovieQuizUITests.swift */ = {isa = PBXFileReference; lastKnownFileType = sourcecode.swift; path = MovieQuizUITests.swift; sourceTree = "<group>"; };
		F4AC8D3F2C3826E300239811 /* NetworkClient.swift */ = {isa = PBXFileReference; lastKnownFileType = sourcecode.swift; path = NetworkClient.swift; sourceTree = "<group>"; };
		F4F89F812C2EFAF70039EEBA /* StatisticService.swift */ = {isa = PBXFileReference; lastKnownFileType = sourcecode.swift; path = StatisticService.swift; sourceTree = "<group>"; };
		F4F89F832C2F02150039EEBA /* GameRecord.swift */ = {isa = PBXFileReference; lastKnownFileType = sourcecode.swift; path = GameRecord.swift; sourceTree = "<group>"; };
		F4FF49172C2C2BF200CC1BA9 /* QuestionFactory.swift */ = {isa = PBXFileReference; lastKnownFileType = sourcecode.swift; path = QuestionFactory.swift; sourceTree = "<group>"; };
		F4FF491D2C2C2EC000CC1BA9 /* ArrayExtensions.swift */ = {isa = PBXFileReference; lastKnownFileType = sourcecode.swift; path = ArrayExtensions.swift; sourceTree = "<group>"; };
		F4FF491F2C2C36D700CC1BA9 /* QuizStepViewModel.swift */ = {isa = PBXFileReference; lastKnownFileType = sourcecode.swift; path = QuizStepViewModel.swift; sourceTree = "<group>"; };
		F4FF49212C2C36E500CC1BA9 /* QuizResultsViewModel.swift */ = {isa = PBXFileReference; lastKnownFileType = sourcecode.swift; path = QuizResultsViewModel.swift; sourceTree = "<group>"; };
		F4FF49232C2C36EE00CC1BA9 /* QuizQuestion.swift */ = {isa = PBXFileReference; lastKnownFileType = sourcecode.swift; path = QuizQuestion.swift; sourceTree = "<group>"; };
		F4FF49272C2C695200CC1BA9 /* QuestionFactoryProtocol.swift */ = {isa = PBXFileReference; lastKnownFileType = sourcecode.swift; path = QuestionFactoryProtocol.swift; sourceTree = "<group>"; };
		F4FF49292C2C78C300CC1BA9 /* QuestionFactoryDelegate.swift */ = {isa = PBXFileReference; lastKnownFileType = sourcecode.swift; path = QuestionFactoryDelegate.swift; sourceTree = "<group>"; };
		F4FF492B2C2D2E6E00CC1BA9 /* AlertPresenter.swift */ = {isa = PBXFileReference; lastKnownFileType = sourcecode.swift; path = AlertPresenter.swift; sourceTree = "<group>"; };
		F4FF492D2C2D33A800CC1BA9 /* AlertModel.swift */ = {isa = PBXFileReference; lastKnownFileType = sourcecode.swift; path = AlertModel.swift; sourceTree = "<group>"; };
		F4FF492F2C2D35E400CC1BA9 /* AlertPresenterProtocol.swift */ = {isa = PBXFileReference; lastKnownFileType = sourcecode.swift; path = AlertPresenterProtocol.swift; sourceTree = "<group>"; };
		F4FF49312C2D35FC00CC1BA9 /* AlertPresenterDelegate.swift */ = {isa = PBXFileReference; lastKnownFileType = sourcecode.swift; path = AlertPresenterDelegate.swift; sourceTree = "<group>"; };
/* End PBXFileReference section */

/* Begin PBXFrameworksBuildPhase section */
		F43869AD2C29F35700B2E5FD /* Frameworks */ = {
			isa = PBXFrameworksBuildPhase;
			buildActionMask = 2147483647;
			files = (
			);
			runOnlyForDeploymentPostprocessing = 0;
		};
		F48ED7302C3C2594007195A2 /* Frameworks */ = {
			isa = PBXFrameworksBuildPhase;
			buildActionMask = 2147483647;
			files = (
			);
			runOnlyForDeploymentPostprocessing = 0;
		};
		F48ED7412C3D78DE007195A2 /* Frameworks */ = {
			isa = PBXFrameworksBuildPhase;
			buildActionMask = 2147483647;
			files = (
			);
			runOnlyForDeploymentPostprocessing = 0;
		};
/* End PBXFrameworksBuildPhase section */

/* Begin PBXGroup section */
		F43869A72C29F35700B2E5FD = {
			isa = PBXGroup;
			children = (
				F43869B22C29F35700B2E5FD /* MovieQuiz */,
				F48ED7342C3C2594007195A2 /* MovieQuizTests */,
				F48ED7452C3D78DE007195A2 /* MovieQuizUITests */,
				F43869B12C29F35700B2E5FD /* Products */,
			);
			sourceTree = "<group>";
		};
		F43869B12C29F35700B2E5FD /* Products */ = {
			isa = PBXGroup;
			children = (
				F43869B02C29F35700B2E5FD /* MovieQuiz.app */,
				F48ED7332C3C2594007195A2 /* MovieQuizTests.xctest */,
				F48ED7442C3D78DE007195A2 /* MovieQuizUITests.xctest */,
			);
			name = Products;
			sourceTree = "<group>";
		};
		F43869B22C29F35700B2E5FD /* MovieQuiz */ = {
			isa = PBXGroup;
			children = (
				F43869D82C2AEFB700B2E5FD /* Models */,
				F4FF491A2C2C2C2900CC1BA9 /* ViewController */,
				F458175E2C3EDE54001C1713 /* Presenter */,
				F4FF49192C2C2C0600CC1BA9 /* Services */,
				F4FF491B2C2C2C3900CC1BA9 /* Helpers */,
				F43869CD2C2AB16800B2E5FD /* Resources */,
				F43869B32C29F35700B2E5FD /* AppDelegate.swift */,
				F43869B52C29F35700B2E5FD /* SceneDelegate.swift */,
			);
			path = MovieQuiz;
			sourceTree = "<group>";
		};
		F43869CD2C2AB16800B2E5FD /* Resources */ = {
			isa = PBXGroup;
			children = (
				F43869BC2C29F35A00B2E5FD /* Assets.xcassets */,
				F43869BE2C29F35A00B2E5FD /* LaunchScreen.storyboard */,
				F43869C12C29F35A00B2E5FD /* Info.plist */,
				F43869D22C2AB18800B2E5FD /* Fonts */,
			);
			path = Resources;
			sourceTree = "<group>";
		};
		F43869D22C2AB18800B2E5FD /* Fonts */ = {
			isa = PBXGroup;
			children = (
				F43869CF2C2AB18600B2E5FD /* YS Display-Bold.ttf */,
				F43869CE2C2AB18600B2E5FD /* YS Display-Medium.ttf */,
			);
			path = Fonts;
			sourceTree = "<group>";
		};
		F43869D82C2AEFB700B2E5FD /* Models */ = {
			isa = PBXGroup;
			children = (
				F4FF49232C2C36EE00CC1BA9 /* QuizQuestion.swift */,
				F4FF491F2C2C36D700CC1BA9 /* QuizStepViewModel.swift */,
				F4FF49212C2C36E500CC1BA9 /* QuizResultsViewModel.swift */,
				F4FF492D2C2D33A800CC1BA9 /* AlertModel.swift */,
				F4F89F832C2F02150039EEBA /* GameRecord.swift */,
				F48ED7202C3BB77F007195A2 /* MostPopularMovies.swift */,
			);
			path = Models;
			sourceTree = "<group>";
		};
		F458175E2C3EDE54001C1713 /* Presenter */ = {
			isa = PBXGroup;
			children = (
				F458175F2C3EDE8C001C1713 /* MovieQuizPresenter.swift */,
			);
			path = Presenter;
			sourceTree = "<group>";
		};
		F48ED7342C3C2594007195A2 /* MovieQuizTests */ = {
			isa = PBXGroup;
			children = (
				F48ED73E2C3D6FB6007195A2 /* MoviesLoaderTests.swift */,
			);
			path = MovieQuizTests;
			sourceTree = "<group>";
		};
		F48ED7452C3D78DE007195A2 /* MovieQuizUITests */ = {
			isa = PBXGroup;
			children = (
				F48ED7462C3D78DE007195A2 /* MovieQuizUITests.swift */,
			);
			path = MovieQuizUITests;
			sourceTree = "<group>";
		};
		F4FF49192C2C2C0600CC1BA9 /* Services */ = {
			isa = PBXGroup;
			children = (
				F4FF49172C2C2BF200CC1BA9 /* QuestionFactory.swift */,
				F4FF49272C2C695200CC1BA9 /* QuestionFactoryProtocol.swift */,
				F4FF49292C2C78C300CC1BA9 /* QuestionFactoryDelegate.swift */,
				F4FF492F2C2D35E400CC1BA9 /* AlertPresenterProtocol.swift */,
				F4FF49312C2D35FC00CC1BA9 /* AlertPresenterDelegate.swift */,
				F4F89F812C2EFAF70039EEBA /* StatisticService.swift */,
				F4AC8D3F2C3826E300239811 /* NetworkClient.swift */,
				F48ED7222C3BB890007195A2 /* MoviesLoader.swift */,
			);
			path = Services;
			sourceTree = "<group>";
		};
		F4FF491A2C2C2C2900CC1BA9 /* ViewController */ = {
			isa = PBXGroup;
			children = (
				F43869B72C29F35700B2E5FD /* ViewController.swift */,
				F4FF492B2C2D2E6E00CC1BA9 /* AlertPresenter.swift */,
			);
			path = ViewController;
			sourceTree = "<group>";
		};
		F4FF491B2C2C2C3900CC1BA9 /* Helpers */ = {
			isa = PBXGroup;
			children = (
				F43869D42C2AB6D900B2E5FD /* ColorExtension.swift */,
				F4FF491D2C2C2EC000CC1BA9 /* ArrayExtensions.swift */,
				F45817612C3EE0D3001C1713 /* DateExtensions.swift */,
			);
			path = Helpers;
			sourceTree = "<group>";
		};
/* End PBXGroup section */

/* Begin PBXNativeTarget section */
		F43869AF2C29F35700B2E5FD /* MovieQuiz */ = {
			isa = PBXNativeTarget;
			buildConfigurationList = F43869C42C29F35A00B2E5FD /* Build configuration list for PBXNativeTarget "MovieQuiz" */;
			buildPhases = (
				F43869AC2C29F35700B2E5FD /* Sources */,
				F43869AD2C29F35700B2E5FD /* Frameworks */,
				F43869AE2C29F35700B2E5FD /* Resources */,
			);
			buildRules = (
			);
			dependencies = (
			);
			name = MovieQuiz;
			productName = MovieQuiz;
			productReference = F43869B02C29F35700B2E5FD /* MovieQuiz.app */;
			productType = "com.apple.product-type.application";
		};
		F48ED7322C3C2594007195A2 /* MovieQuizTests */ = {
			isa = PBXNativeTarget;
			buildConfigurationList = F48ED73B2C3C2595007195A2 /* Build configuration list for PBXNativeTarget "MovieQuizTests" */;
			buildPhases = (
				F48ED72F2C3C2594007195A2 /* Sources */,
				F48ED7302C3C2594007195A2 /* Frameworks */,
				F48ED7312C3C2594007195A2 /* Resources */,
			);
			buildRules = (
			);
			dependencies = (
				F48ED7382C3C2595007195A2 /* PBXTargetDependency */,
			);
			name = MovieQuizTests;
			productName = MovieQuizTests;
			productReference = F48ED7332C3C2594007195A2 /* MovieQuizTests.xctest */;
			productType = "com.apple.product-type.bundle.unit-test";
		};
		F48ED7432C3D78DE007195A2 /* MovieQuizUITests */ = {
			isa = PBXNativeTarget;
			buildConfigurationList = F48ED74C2C3D78DE007195A2 /* Build configuration list for PBXNativeTarget "MovieQuizUITests" */;
			buildPhases = (
				F48ED7402C3D78DE007195A2 /* Sources */,
				F48ED7412C3D78DE007195A2 /* Frameworks */,
				F48ED7422C3D78DE007195A2 /* Resources */,
			);
			buildRules = (
			);
			dependencies = (
				F48ED74B2C3D78DE007195A2 /* PBXTargetDependency */,
			);
			name = MovieQuizUITests;
			productName = MovieQuizUITests;
			productReference = F48ED7442C3D78DE007195A2 /* MovieQuizUITests.xctest */;
			productType = "com.apple.product-type.bundle.ui-testing";
		};
/* End PBXNativeTarget section */

/* Begin PBXProject section */
		F43869A82C29F35700B2E5FD /* Project object */ = {
			isa = PBXProject;
			attributes = {
				BuildIndependentTargetsInParallel = 1;
				LastSwiftUpdateCheck = 1510;
				LastUpgradeCheck = 1510;
				TargetAttributes = {
					F43869AF2C29F35700B2E5FD = {
						CreatedOnToolsVersion = 15.1;
					};
					F48ED7322C3C2594007195A2 = {
						CreatedOnToolsVersion = 15.1;
						TestTargetID = F43869AF2C29F35700B2E5FD;
					};
					F48ED7432C3D78DE007195A2 = {
						CreatedOnToolsVersion = 15.1;
						TestTargetID = F43869AF2C29F35700B2E5FD;
					};
				};
			};
			buildConfigurationList = F43869AB2C29F35700B2E5FD /* Build configuration list for PBXProject "MovieQuiz" */;
			compatibilityVersion = "Xcode 14.0";
			developmentRegion = en;
			hasScannedForEncodings = 0;
			knownRegions = (
				en,
				Base,
			);
			mainGroup = F43869A72C29F35700B2E5FD;
			productRefGroup = F43869B12C29F35700B2E5FD /* Products */;
			projectDirPath = "";
			projectRoot = "";
			targets = (
				F43869AF2C29F35700B2E5FD /* MovieQuiz */,
				F48ED7322C3C2594007195A2 /* MovieQuizTests */,
				F48ED7432C3D78DE007195A2 /* MovieQuizUITests */,
			);
		};
/* End PBXProject section */

/* Begin PBXResourcesBuildPhase section */
		F43869AE2C29F35700B2E5FD /* Resources */ = {
			isa = PBXResourcesBuildPhase;
			buildActionMask = 2147483647;
			files = (
				F43869C02C29F35A00B2E5FD /* LaunchScreen.storyboard in Resources */,
				F43869D02C2AB18600B2E5FD /* YS Display-Medium.ttf in Resources */,
				F43869BD2C29F35A00B2E5FD /* Assets.xcassets in Resources */,
				F43869D12C2AB18600B2E5FD /* YS Display-Bold.ttf in Resources */,
			);
			runOnlyForDeploymentPostprocessing = 0;
		};
		F48ED7312C3C2594007195A2 /* Resources */ = {
			isa = PBXResourcesBuildPhase;
			buildActionMask = 2147483647;
			files = (
			);
			runOnlyForDeploymentPostprocessing = 0;
		};
		F48ED7422C3D78DE007195A2 /* Resources */ = {
			isa = PBXResourcesBuildPhase;
			buildActionMask = 2147483647;
			files = (
			);
			runOnlyForDeploymentPostprocessing = 0;
		};
/* End PBXResourcesBuildPhase section */

/* Begin PBXSourcesBuildPhase section */
		F43869AC2C29F35700B2E5FD /* Sources */ = {
			isa = PBXSourcesBuildPhase;
			buildActionMask = 2147483647;
			files = (
				F43869B82C29F35700B2E5FD /* ViewController.swift in Sources */,
				F4FF492E2C2D33A800CC1BA9 /* AlertModel.swift in Sources */,
				F4FF49222C2C36E500CC1BA9 /* QuizResultsViewModel.swift in Sources */,
				F48ED7212C3BB77F007195A2 /* MostPopularMovies.swift in Sources */,
				F4AC8D402C3826E300239811 /* NetworkClient.swift in Sources */,
				F45817622C3EE0D3001C1713 /* DateExtensions.swift in Sources */,
				F4FF491E2C2C2EC000CC1BA9 /* ArrayExtensions.swift in Sources */,
				F4FF49242C2C36EE00CC1BA9 /* QuizQuestion.swift in Sources */,
				F4FF49322C2D35FC00CC1BA9 /* AlertPresenterDelegate.swift in Sources */,
				F4FF49302C2D35E400CC1BA9 /* AlertPresenterProtocol.swift in Sources */,
				F4FF492A2C2C78C300CC1BA9 /* QuestionFactoryDelegate.swift in Sources */,
				F4FF49202C2C36D700CC1BA9 /* QuizStepViewModel.swift in Sources */,
				F43869B42C29F35700B2E5FD /* AppDelegate.swift in Sources */,
				F4F89F822C2EFAF70039EEBA /* StatisticService.swift in Sources */,
				F45817602C3EDE8C001C1713 /* MovieQuizPresenter.swift in Sources */,
				F4F89F842C2F02150039EEBA /* GameRecord.swift in Sources */,
				F43869B62C29F35700B2E5FD /* SceneDelegate.swift in Sources */,
				F4FF49182C2C2BF200CC1BA9 /* QuestionFactory.swift in Sources */,
				F4FF49282C2C695200CC1BA9 /* QuestionFactoryProtocol.swift in Sources */,
				F43869D52C2AB6D900B2E5FD /* ColorExtension.swift in Sources */,
				F4FF492C2C2D2E6E00CC1BA9 /* AlertPresenter.swift in Sources */,
				F48ED7232C3BB890007195A2 /* MoviesLoader.swift in Sources */,
			);
			runOnlyForDeploymentPostprocessing = 0;
		};
		F48ED72F2C3C2594007195A2 /* Sources */ = {
			isa = PBXSourcesBuildPhase;
			buildActionMask = 2147483647;
			files = (
				F48ED73F2C3D6FB6007195A2 /* MoviesLoaderTests.swift in Sources */,
			);
			runOnlyForDeploymentPostprocessing = 0;
		};
		F48ED7402C3D78DE007195A2 /* Sources */ = {
			isa = PBXSourcesBuildPhase;
			buildActionMask = 2147483647;
			files = (
				F48ED7472C3D78DE007195A2 /* MovieQuizUITests.swift in Sources */,
			);
			runOnlyForDeploymentPostprocessing = 0;
		};
/* End PBXSourcesBuildPhase section */

/* Begin PBXTargetDependency section */
		F48ED7382C3C2595007195A2 /* PBXTargetDependency */ = {
			isa = PBXTargetDependency;
			target = F43869AF2C29F35700B2E5FD /* MovieQuiz */;
			targetProxy = F48ED7372C3C2595007195A2 /* PBXContainerItemProxy */;
		};
		F48ED74B2C3D78DE007195A2 /* PBXTargetDependency */ = {
			isa = PBXTargetDependency;
			target = F43869AF2C29F35700B2E5FD /* MovieQuiz */;
			targetProxy = F48ED74A2C3D78DE007195A2 /* PBXContainerItemProxy */;
		};
/* End PBXTargetDependency section */

/* Begin PBXVariantGroup section */
		F43869BE2C29F35A00B2E5FD /* LaunchScreen.storyboard */ = {
			isa = PBXVariantGroup;
			children = (
				F43869BF2C29F35A00B2E5FD /* Base */,
			);
			name = LaunchScreen.storyboard;
			sourceTree = "<group>";
		};
/* End PBXVariantGroup section */

/* Begin XCBuildConfiguration section */
		F43869C22C29F35A00B2E5FD /* Debug */ = {
			isa = XCBuildConfiguration;
			buildSettings = {
				ALWAYS_SEARCH_USER_PATHS = NO;
				ASSETCATALOG_COMPILER_GENERATE_SWIFT_ASSET_SYMBOL_EXTENSIONS = YES;
				CLANG_ANALYZER_NONNULL = YES;
				CLANG_ANALYZER_NUMBER_OBJECT_CONVERSION = YES_AGGRESSIVE;
				CLANG_CXX_LANGUAGE_STANDARD = "gnu++20";
				CLANG_ENABLE_MODULES = YES;
				CLANG_ENABLE_OBJC_ARC = YES;
				CLANG_ENABLE_OBJC_WEAK = YES;
				CLANG_WARN_BLOCK_CAPTURE_AUTORELEASING = YES;
				CLANG_WARN_BOOL_CONVERSION = YES;
				CLANG_WARN_COMMA = YES;
				CLANG_WARN_CONSTANT_CONVERSION = YES;
				CLANG_WARN_DEPRECATED_OBJC_IMPLEMENTATIONS = YES;
				CLANG_WARN_DIRECT_OBJC_ISA_USAGE = YES_ERROR;
				CLANG_WARN_DOCUMENTATION_COMMENTS = YES;
				CLANG_WARN_EMPTY_BODY = YES;
				CLANG_WARN_ENUM_CONVERSION = YES;
				CLANG_WARN_INFINITE_RECURSION = YES;
				CLANG_WARN_INT_CONVERSION = YES;
				CLANG_WARN_NON_LITERAL_NULL_CONVERSION = YES;
				CLANG_WARN_OBJC_IMPLICIT_RETAIN_SELF = YES;
				CLANG_WARN_OBJC_LITERAL_CONVERSION = YES;
				CLANG_WARN_OBJC_ROOT_CLASS = YES_ERROR;
				CLANG_WARN_QUOTED_INCLUDE_IN_FRAMEWORK_HEADER = YES;
				CLANG_WARN_RANGE_LOOP_ANALYSIS = YES;
				CLANG_WARN_STRICT_PROTOTYPES = YES;
				CLANG_WARN_SUSPICIOUS_MOVE = YES;
				CLANG_WARN_UNGUARDED_AVAILABILITY = YES_AGGRESSIVE;
				CLANG_WARN_UNREACHABLE_CODE = YES;
				CLANG_WARN__DUPLICATE_METHOD_MATCH = YES;
				COPY_PHASE_STRIP = NO;
				DEBUG_INFORMATION_FORMAT = dwarf;
				ENABLE_STRICT_OBJC_MSGSEND = YES;
				ENABLE_TESTABILITY = YES;
				ENABLE_USER_SCRIPT_SANDBOXING = YES;
				GCC_C_LANGUAGE_STANDARD = gnu17;
				GCC_DYNAMIC_NO_PIC = NO;
				GCC_NO_COMMON_BLOCKS = YES;
				GCC_OPTIMIZATION_LEVEL = 0;
				GCC_PREPROCESSOR_DEFINITIONS = (
					"DEBUG=1",
					"$(inherited)",
				);
				GCC_WARN_64_TO_32_BIT_CONVERSION = YES;
				GCC_WARN_ABOUT_RETURN_TYPE = YES_ERROR;
				GCC_WARN_UNDECLARED_SELECTOR = YES;
				GCC_WARN_UNINITIALIZED_AUTOS = YES_AGGRESSIVE;
				GCC_WARN_UNUSED_FUNCTION = YES;
				GCC_WARN_UNUSED_VARIABLE = YES;
				IPHONEOS_DEPLOYMENT_TARGET = 15.0;
				LOCALIZATION_PREFERS_STRING_CATALOGS = YES;
				MTL_ENABLE_DEBUG_INFO = INCLUDE_SOURCE;
				MTL_FAST_MATH = YES;
				ONLY_ACTIVE_ARCH = YES;
				SDKROOT = iphoneos;
				SWIFT_ACTIVE_COMPILATION_CONDITIONS = "DEBUG $(inherited)";
				SWIFT_OPTIMIZATION_LEVEL = "-Onone";
			};
			name = Debug;
		};
		F43869C32C29F35A00B2E5FD /* Release */ = {
			isa = XCBuildConfiguration;
			buildSettings = {
				ALWAYS_SEARCH_USER_PATHS = NO;
				ASSETCATALOG_COMPILER_GENERATE_SWIFT_ASSET_SYMBOL_EXTENSIONS = YES;
				CLANG_ANALYZER_NONNULL = YES;
				CLANG_ANALYZER_NUMBER_OBJECT_CONVERSION = YES_AGGRESSIVE;
				CLANG_CXX_LANGUAGE_STANDARD = "gnu++20";
				CLANG_ENABLE_MODULES = YES;
				CLANG_ENABLE_OBJC_ARC = YES;
				CLANG_ENABLE_OBJC_WEAK = YES;
				CLANG_WARN_BLOCK_CAPTURE_AUTORELEASING = YES;
				CLANG_WARN_BOOL_CONVERSION = YES;
				CLANG_WARN_COMMA = YES;
				CLANG_WARN_CONSTANT_CONVERSION = YES;
				CLANG_WARN_DEPRECATED_OBJC_IMPLEMENTATIONS = YES;
				CLANG_WARN_DIRECT_OBJC_ISA_USAGE = YES_ERROR;
				CLANG_WARN_DOCUMENTATION_COMMENTS = YES;
				CLANG_WARN_EMPTY_BODY = YES;
				CLANG_WARN_ENUM_CONVERSION = YES;
				CLANG_WARN_INFINITE_RECURSION = YES;
				CLANG_WARN_INT_CONVERSION = YES;
				CLANG_WARN_NON_LITERAL_NULL_CONVERSION = YES;
				CLANG_WARN_OBJC_IMPLICIT_RETAIN_SELF = YES;
				CLANG_WARN_OBJC_LITERAL_CONVERSION = YES;
				CLANG_WARN_OBJC_ROOT_CLASS = YES_ERROR;
				CLANG_WARN_QUOTED_INCLUDE_IN_FRAMEWORK_HEADER = YES;
				CLANG_WARN_RANGE_LOOP_ANALYSIS = YES;
				CLANG_WARN_STRICT_PROTOTYPES = YES;
				CLANG_WARN_SUSPICIOUS_MOVE = YES;
				CLANG_WARN_UNGUARDED_AVAILABILITY = YES_AGGRESSIVE;
				CLANG_WARN_UNREACHABLE_CODE = YES;
				CLANG_WARN__DUPLICATE_METHOD_MATCH = YES;
				COPY_PHASE_STRIP = NO;
				DEBUG_INFORMATION_FORMAT = "dwarf-with-dsym";
				ENABLE_NS_ASSERTIONS = NO;
				ENABLE_STRICT_OBJC_MSGSEND = YES;
				ENABLE_USER_SCRIPT_SANDBOXING = YES;
				GCC_C_LANGUAGE_STANDARD = gnu17;
				GCC_NO_COMMON_BLOCKS = YES;
				GCC_WARN_64_TO_32_BIT_CONVERSION = YES;
				GCC_WARN_ABOUT_RETURN_TYPE = YES_ERROR;
				GCC_WARN_UNDECLARED_SELECTOR = YES;
				GCC_WARN_UNINITIALIZED_AUTOS = YES_AGGRESSIVE;
				GCC_WARN_UNUSED_FUNCTION = YES;
				GCC_WARN_UNUSED_VARIABLE = YES;
				IPHONEOS_DEPLOYMENT_TARGET = 15.0;
				LOCALIZATION_PREFERS_STRING_CATALOGS = YES;
				MTL_ENABLE_DEBUG_INFO = NO;
				MTL_FAST_MATH = YES;
				SDKROOT = iphoneos;
				SWIFT_COMPILATION_MODE = wholemodule;
				VALIDATE_PRODUCT = YES;
			};
			name = Release;
		};
		F43869C52C29F35A00B2E5FD /* Debug */ = {
			isa = XCBuildConfiguration;
			buildSettings = {
				ASSETCATALOG_COMPILER_APPICON_NAME = AppIcon;
				ASSETCATALOG_COMPILER_GLOBAL_ACCENT_COLOR_NAME = AccentColor;
				CODE_SIGN_STYLE = Automatic;
				CURRENT_PROJECT_VERSION = 1;
				DEVELOPMENT_TEAM = 66QMN95M53;
				GENERATE_INFOPLIST_FILE = YES;
				INFOPLIST_FILE = MovieQuiz/Resources/Info.plist;
				INFOPLIST_KEY_UIApplicationSupportsIndirectInputEvents = YES;
				INFOPLIST_KEY_UILaunchStoryboardName = LaunchScreen;
				INFOPLIST_KEY_UISupportedInterfaceOrientations = UIInterfaceOrientationPortrait;
				LD_RUNPATH_SEARCH_PATHS = (
					"$(inherited)",
					"@executable_path/Frameworks",
				);
				MARKETING_VERSION = 1.0;
				PRODUCT_BUNDLE_IDENTIFIER = com.Blanxxty.MovieQuiz;
				PRODUCT_NAME = "$(TARGET_NAME)";
				SUPPORTED_PLATFORMS = "iphoneos iphonesimulator";
				SUPPORTS_MACCATALYST = NO;
				SUPPORTS_MAC_DESIGNED_FOR_IPHONE_IPAD = NO;
				SWIFT_EMIT_LOC_STRINGS = YES;
				SWIFT_VERSION = 5.0;
				TARGETED_DEVICE_FAMILY = "1,2";
			};
			name = Debug;
		};
		F43869C62C29F35A00B2E5FD /* Release */ = {
			isa = XCBuildConfiguration;
			buildSettings = {
				ASSETCATALOG_COMPILER_APPICON_NAME = AppIcon;
				ASSETCATALOG_COMPILER_GLOBAL_ACCENT_COLOR_NAME = AccentColor;
				CODE_SIGN_STYLE = Automatic;
				CURRENT_PROJECT_VERSION = 1;
				DEVELOPMENT_TEAM = 66QMN95M53;
				GENERATE_INFOPLIST_FILE = YES;
				INFOPLIST_FILE = MovieQuiz/Resources/Info.plist;
				INFOPLIST_KEY_UIApplicationSupportsIndirectInputEvents = YES;
				INFOPLIST_KEY_UILaunchStoryboardName = LaunchScreen;
				INFOPLIST_KEY_UISupportedInterfaceOrientations = UIInterfaceOrientationPortrait;
				LD_RUNPATH_SEARCH_PATHS = (
					"$(inherited)",
					"@executable_path/Frameworks",
				);
				MARKETING_VERSION = 1.0;
				PRODUCT_BUNDLE_IDENTIFIER = com.Blanxxty.MovieQuiz;
				PRODUCT_NAME = "$(TARGET_NAME)";
				SUPPORTED_PLATFORMS = "iphoneos iphonesimulator";
				SUPPORTS_MACCATALYST = NO;
				SUPPORTS_MAC_DESIGNED_FOR_IPHONE_IPAD = NO;
				SWIFT_EMIT_LOC_STRINGS = YES;
				SWIFT_VERSION = 5.0;
				TARGETED_DEVICE_FAMILY = "1,2";
			};
			name = Release;
		};
		F48ED7392C3C2595007195A2 /* Debug */ = {
			isa = XCBuildConfiguration;
			buildSettings = {
				BUNDLE_LOADER = "$(TEST_HOST)";
				CODE_SIGN_STYLE = Automatic;
				CURRENT_PROJECT_VERSION = 1;
				GENERATE_INFOPLIST_FILE = YES;
				MARKETING_VERSION = 1.0;
				PRODUCT_BUNDLE_IDENTIFIER = com.MarlineIOS.MovieQuizTests;
				PRODUCT_NAME = "$(TARGET_NAME)";
				SWIFT_EMIT_LOC_STRINGS = NO;
				SWIFT_VERSION = 5.0;
				TARGETED_DEVICE_FAMILY = "1,2";
				TEST_HOST = "$(BUILT_PRODUCTS_DIR)/MovieQuiz.app/$(BUNDLE_EXECUTABLE_FOLDER_PATH)/MovieQuiz";
			};
			name = Debug;
		};
		F48ED73A2C3C2595007195A2 /* Release */ = {
			isa = XCBuildConfiguration;
			buildSettings = {
				BUNDLE_LOADER = "$(TEST_HOST)";
				CODE_SIGN_STYLE = Automatic;
				CURRENT_PROJECT_VERSION = 1;
				GENERATE_INFOPLIST_FILE = YES;
				MARKETING_VERSION = 1.0;
				PRODUCT_BUNDLE_IDENTIFIER = com.MarlineIOS.MovieQuizTests;
				PRODUCT_NAME = "$(TARGET_NAME)";
				SWIFT_EMIT_LOC_STRINGS = NO;
				SWIFT_VERSION = 5.0;
				TARGETED_DEVICE_FAMILY = "1,2";
				TEST_HOST = "$(BUILT_PRODUCTS_DIR)/MovieQuiz.app/$(BUNDLE_EXECUTABLE_FOLDER_PATH)/MovieQuiz";
			};
			name = Release;
		};
		F48ED74D2C3D78DE007195A2 /* Debug */ = {
			isa = XCBuildConfiguration;
			buildSettings = {
				CODE_SIGN_STYLE = Automatic;
				CURRENT_PROJECT_VERSION = 1;
				GENERATE_INFOPLIST_FILE = YES;
				IPHONEOS_DEPLOYMENT_TARGET = 17.2;
				MARKETING_VERSION = 1.0;
				PRODUCT_BUNDLE_IDENTIFIER = com.MarlineIOS.MovieQuizUITests;
				PRODUCT_NAME = "$(TARGET_NAME)";
				SWIFT_EMIT_LOC_STRINGS = NO;
				SWIFT_VERSION = 5.0;
				TARGETED_DEVICE_FAMILY = "1,2";
				TEST_TARGET_NAME = MovieQuiz;
			};
			name = Debug;
		};
		F48ED74E2C3D78DE007195A2 /* Release */ = {
			isa = XCBuildConfiguration;
			buildSettings = {
				CODE_SIGN_STYLE = Automatic;
				CURRENT_PROJECT_VERSION = 1;
				GENERATE_INFOPLIST_FILE = YES;
				IPHONEOS_DEPLOYMENT_TARGET = 17.2;
				MARKETING_VERSION = 1.0;
				PRODUCT_BUNDLE_IDENTIFIER = com.MarlineIOS.MovieQuizUITests;
				PRODUCT_NAME = "$(TARGET_NAME)";
				SWIFT_EMIT_LOC_STRINGS = NO;
				SWIFT_VERSION = 5.0;
				TARGETED_DEVICE_FAMILY = "1,2";
				TEST_TARGET_NAME = MovieQuiz;
			};
			name = Release;
		};
/* End XCBuildConfiguration section */

/* Begin XCConfigurationList section */
		F43869AB2C29F35700B2E5FD /* Build configuration list for PBXProject "MovieQuiz" */ = {
			isa = XCConfigurationList;
			buildConfigurations = (
				F43869C22C29F35A00B2E5FD /* Debug */,
				F43869C32C29F35A00B2E5FD /* Release */,
			);
			defaultConfigurationIsVisible = 0;
			defaultConfigurationName = Release;
		};
		F43869C42C29F35A00B2E5FD /* Build configuration list for PBXNativeTarget "MovieQuiz" */ = {
			isa = XCConfigurationList;
			buildConfigurations = (
				F43869C52C29F35A00B2E5FD /* Debug */,
				F43869C62C29F35A00B2E5FD /* Release */,
			);
			defaultConfigurationIsVisible = 0;
			defaultConfigurationName = Release;
		};
		F48ED73B2C3C2595007195A2 /* Build configuration list for PBXNativeTarget "MovieQuizTests" */ = {
			isa = XCConfigurationList;
			buildConfigurations = (
				F48ED7392C3C2595007195A2 /* Debug */,
				F48ED73A2C3C2595007195A2 /* Release */,
			);
			defaultConfigurationIsVisible = 0;
			defaultConfigurationName = Release;
		};
		F48ED74C2C3D78DE007195A2 /* Build configuration list for PBXNativeTarget "MovieQuizUITests" */ = {
			isa = XCConfigurationList;
			buildConfigurations = (
				F48ED74D2C3D78DE007195A2 /* Debug */,
				F48ED74E2C3D78DE007195A2 /* Release */,
			);
			defaultConfigurationIsVisible = 0;
			defaultConfigurationName = Release;
		};
/* End XCConfigurationList section */
	};
	rootObject = F43869A82C29F35700B2E5FD /* Project object */;
}
